
Microsoft Visual Studio Solution File, Format Version 12.00
# Visual Studio Version 16
VisualStudioVersion = 16.0.29920.165
MinimumVisualStudioVersion = 10.0.40219.1
Project("{888888A0-9F3D-457C-B088-3A5042F75D52}") = "HelloPython", "HelloPython.pyproj", "{E72C66F7-E4AD-466A-ACA2-0C6CC104B416}"
EndProject
Global
	GlobalSection(SolutionConfigurationPlatforms) = preSolution
		Debug|Any CPU = Debug|Any CPU
		Release|Any CPU = Release|Any CPU
	EndGlobalSection
	GlobalSection(ProjectConfigurationPlatforms) = postSolution
		{E72C66F7-E4AD-466A-ACA2-0C6CC104B416}.Debug|Any CPU.ActiveCfg = Release|Any CPU
		{E72C66F7-E4AD-466A-ACA2-0C6CC104B416}.Debug|Any CPU.Build.0 = Release|Any CPU
		{E72C66F7-E4AD-466A-ACA2-0C6CC104B416}.Release|Any CPU.ActiveCfg = Release|Any CPU
		{E72C66F7-E4AD-466A-ACA2-0C6CC104B416}.Release|Any CPU.Build.0 = Release|Any CPU
	EndGlobalSection
	GlobalSection(SolutionProperties) = preSolution
		HideSolutionNode = FALSE
	EndGlobalSection
	GlobalSection(ExtensibilityGlobals) = postSolution
		SolutionGuid = {C1A43D5F-56B4-479C-AF86-821A9554285A}
	EndGlobalSection
EndGlobal
